// !$*UTF8*$!
{
	archiveVersion = 1;
	classes = {
	};
	objectVersion = 56;
	objects = {

/* Begin PBXBuildFile section */
		18B501CB29EFE42800DC9BF6 /* main.c in Sources */ = {isa = PBXBuildFile; fileRef = 18B501CA29EFE42800DC9BF6 /* main.c */; };
		18B501D329EFE44000DC9BF6 /* GLUT.framework in Frameworks */ = {isa = PBXBuildFile; fileRef = 18B501D229EFE44000DC9BF6 /* GLUT.framework */; };
		18B501D529EFE44600DC9BF6 /* OpenGL.framework in Frameworks */ = {isa = PBXBuildFile; fileRef = 18B501D429EFE44600DC9BF6 /* OpenGL.framework */; settings = {ATTRIBUTES = (Required, ); }; };
		18B501DA29EFF19400DC9BF6 /* cppfile.cpp in Sources */ = {isa = PBXBuildFile; fileRef = 18B501D929EFF19400DC9BF6 /* cppfile.cpp */; };
		18B501DD29EFF60500DC9BF6 /* stepbystep.cpp in Sources */ = {isa = PBXBuildFile; fileRef = 18B501DB29EFF60500DC9BF6 /* stepbystep.cpp */; };
/* End PBXBuildFile section */

/* Begin PBXCopyFilesBuildPhase section */
		18B501C529EFE42800DC9BF6 /* CopyFiles */ = {
			isa = PBXCopyFilesBuildPhase;
			buildActionMask = 2147483647;
			dstPath = /usr/share/man/man1/;
			dstSubfolderSpec = 0;
			files = (
			);
			runOnlyForDeploymentPostprocessing = 1;
		};
/* End PBXCopyFilesBuildPhase section */

/* Begin PBXFileReference section */
		18B501C729EFE42800DC9BF6 /* CGproject */ = {isa = PBXFileReference; explicitFileType = "compiled.mach-o.executable"; includeInIndex = 0; path = CGproject; sourceTree = BUILT_PRODUCTS_DIR; };
		18B501CA29EFE42800DC9BF6 /* main.c */ = {isa = PBXFileReference; lastKnownFileType = sourcecode.c.c; path = main.c; sourceTree = "<group>"; };
		18B501D229EFE44000DC9BF6 /* GLUT.framework */ = {isa = PBXFileReference; lastKnownFileType = wrapper.framework; name = GLUT.framework; path = System/Library/Frameworks/GLUT.framework; sourceTree = SDKROOT; };
		18B501D429EFE44600DC9BF6 /* OpenGL.framework */ = {isa = PBXFileReference; lastKnownFileType = wrapper.framework; name = OpenGL.framework; path = System/Library/Frameworks/OpenGL.framework; sourceTree = SDKROOT; };
		18B501D729EFE6C700DC9BF6 /* cppfile.hpp */ = {isa = PBXFileReference; lastKnownFileType = sourcecode.cpp.h; path = cppfile.hpp; sourceTree = "<group>"; };
		18B501D929EFF19400DC9BF6 /* cppfile.cpp */ = {isa = PBXFileReference; lastKnownFileType = sourcecode.cpp.cpp; path = cppfile.cpp; sourceTree = "<group>"; };
		18B501DB29EFF60500DC9BF6 /* stepbystep.cpp */ = {isa = PBXFileReference; lastKnownFileType = sourcecode.cpp.cpp; path = stepbystep.cpp; sourceTree = "<group>"; };
		18B501DC29EFF60500DC9BF6 /* stepbystep.hpp */ = {isa = PBXFileReference; lastKnownFileType = sourcecode.cpp.h; path = stepbystep.hpp; sourceTree = "<group>"; };
/* End PBXFileReference section */

/* Begin PBXFrameworksBuildPhase section */
		18B501C429EFE42800DC9BF6 /* Frameworks */ = {
			isa = PBXFrameworksBuildPhase;
			buildActionMask = 2147483647;
			files = (
				18B501D529EFE44600DC9BF6 /* OpenGL.framework in Frameworks */,
				18B501D329EFE44000DC9BF6 /* GLUT.framework in Frameworks */,
			);
			runOnlyForDeploymentPostprocessing = 0;
		};
/* End PBXFrameworksBuildPhase section */

/* Begin PBXGroup section */
		18B501BE29EFE42800DC9BF6 = {
			isa = PBXGroup;
			children = (
				18B501C929EFE42800DC9BF6 /* CGproject */,
				18B501C829EFE42800DC9BF6 /* Products */,
				18B501D129EFE44000DC9BF6 /* Frameworks */,
			);
			sourceTree = "<group>";
		};
		18B501C829EFE42800DC9BF6 /* Products */ = {
			isa = PBXGroup;
			children = (
				18B501C729EFE42800DC9BF6 /* CGproject */,
			);
			name = Products;
			sourceTree = "<group>";
		};
		18B501C929EFE42800DC9BF6 /* CGproject */ = {
			isa = PBXGroup;
			children = (
				18B501CA29EFE42800DC9BF6 /* main.c */,
				18B501D929EFF19400DC9BF6 /* cppfile.cpp */,
				18B501D729EFE6C700DC9BF6 /* cppfile.hpp */,
				18B501DB29EFF60500DC9BF6 /* stepbystep.cpp */,
				18B501DC29EFF60500DC9BF6 /* stepbystep.hpp */,
			);
			path = CGproject;
			sourceTree = "<group>";
		};
		18B501D129EFE44000DC9BF6 /* Frameworks */ = {
			isa = PBXGroup;
			children = (
				18B501D429EFE44600DC9BF6 /* OpenGL.framework */,
				18B501D229EFE44000DC9BF6 /* GLUT.framework */,
			);
			name = Frameworks;
			sourceTree = "<group>";
		};
/* End PBXGroup section */

/* Begin PBXNativeTarget section */
		18B501C629EFE42800DC9BF6 /* CGproject */ = {
			isa = PBXNativeTarget;
			buildConfigurationList = 18B501CE29EFE42800DC9BF6 /* Build configuration list for PBXNativeTarget "CGproject" */;
			buildPhases = (
				18B501C329EFE42800DC9BF6 /* Sources */,
				18B501C429EFE42800DC9BF6 /* Frameworks */,
				18B501C529EFE42800DC9BF6 /* CopyFiles */,
			);
			buildRules = (
			);
			dependencies = (
			);
			name = CGproject;
			productName = CGproject;
			productReference = 18B501C729EFE42800DC9BF6 /* CGproject */;
			productType = "com.apple.product-type.tool";
		};
/* End PBXNativeTarget section */

/* Begin PBXProject section */
		18B501BF29EFE42800DC9BF6 /* Project object */ = {
			isa = PBXProject;
			attributes = {
				BuildIndependentTargetsInParallel = 1;
				LastUpgradeCheck = 1420;
				TargetAttributes = {
					18B501C629EFE42800DC9BF6 = {
						CreatedOnToolsVersion = 14.2;
					};
				};
			};
			buildConfigurationList = 18B501C229EFE42800DC9BF6 /* Build configuration list for PBXProject "CGproject" */;
			compatibilityVersion = "Xcode 14.0";
			developmentRegion = en;
			hasScannedForEncodings = 0;
			knownRegions = (
				en,
				Base,
			);
			mainGroup = 18B501BE29EFE42800DC9BF6;
			productRefGroup = 18B501C829EFE42800DC9BF6 /* Products */;
			projectDirPath = "";
			projectRoot = "";
			targets = (
				18B501C629EFE42800DC9BF6 /* CGproject */,
			);
		};
/* End PBXProject section */

/* Begin PBXSourcesBuildPhase section */
		18B501C329EFE42800DC9BF6 /* Sources */ = {
			isa = PBXSourcesBuildPhase;
			buildActionMask = 2147483647;
			files = (
				18B501CB29EFE42800DC9BF6 /* main.c in Sources */,
				18B501DD29EFF60500DC9BF6 /* stepbystep.cpp in Sources */,
				18B501DA29EFF19400DC9BF6 /* cppfile.cpp in Sources */,
			);
			runOnlyForDeploymentPostprocessing = 0;
		};
/* End PBXSourcesBuildPhase section */

/* Begin XCBuildConfiguration section */
		18B501CC29EFE42800DC9BF6 /* Debug */ = {
			isa = XCBuildConfiguration;
			buildSettings = {
				ALWAYS_SEARCH_USER_PATHS = NO;
				CLANG_ANALYZER_NONNULL = YES;
				CLANG_ANALYZER_NUMBER_OBJECT_CONVERSION = YES_AGGRESSIVE;
				CLANG_CXX_LANGUAGE_STANDARD = "gnu++20";
				CLANG_ENABLE_MODULES = YES;
				CLANG_ENABLE_OBJC_ARC = YES;
				CLANG_ENABLE_OBJC_WEAK = YES;
				CLANG_WARN_BLOCK_CAPTURE_AUTORELEASING = YES;
				CLANG_WARN_BOOL_CONVERSION = YES;
				CLANG_WARN_COMMA = YES;
				CLANG_WARN_CONSTANT_CONVERSION = YES;
				CLANG_WARN_DEPRECATED_OBJC_IMPLEMENTATIONS = YES;
				CLANG_WARN_DIRECT_OBJC_ISA_USAGE = YES_ERROR;
				CLANG_WARN_DOCUMENTATION_COMMENTS = YES;
				CLANG_WARN_EMPTY_BODY = YES;
				CLANG_WARN_ENUM_CONVERSION = YES;
				CLANG_WARN_INFINITE_RECURSION = YES;
				CLANG_WARN_INT_CONVERSION = YES;
				CLANG_WARN_NON_LITERAL_NULL_CONVERSION = YES;
				CLANG_WARN_OBJC_IMPLICIT_RETAIN_SELF = YES;
				CLANG_WARN_OBJC_LITERAL_CONVERSION = YES;
				CLANG_WARN_OBJC_ROOT_CLASS = YES_ERROR;
				CLANG_WARN_QUOTED_INCLUDE_IN_FRAMEWORK_HEADER = YES;
				CLANG_WARN_RANGE_LOOP_ANALYSIS = YES;
				CLANG_WARN_STRICT_PROTOTYPES = YES;
				CLANG_WARN_SUSPICIOUS_MOVE = YES;
				CLANG_WARN_UNGUARDED_AVAILABILITY = YES_AGGRESSIVE;
				CLANG_WARN_UNREACHABLE_CODE = YES;
				CLANG_WARN__DUPLICATE_METHOD_MATCH = YES;
				COPY_PHASE_STRIP = NO;
				DEBUG_INFORMATION_FORMAT = dwarf;
				ENABLE_STRICT_OBJC_MSGSEND = YES;
				ENABLE_TESTABILITY = YES;
				GCC_C_LANGUAGE_STANDARD = gnu11;
				GCC_DYNAMIC_NO_PIC = NO;
				GCC_NO_COMMON_BLOCKS = YES;
				GCC_OPTIMIZATION_LEVEL = 0;
				GCC_PREPROCESSOR_DEFINITIONS = (
					"DEBUG=1",
					"$(inherited)",
				);
				GCC_WARN_64_TO_32_BIT_CONVERSION = YES;
				GCC_WARN_ABOUT_RETURN_TYPE = YES_ERROR;
				GCC_WARN_UNDECLARED_SELECTOR = YES;
				GCC_WARN_UNINITIALIZED_AUTOS = YES_AGGRESSIVE;
				GCC_WARN_UNUSED_FUNCTION = YES;
				GCC_WARN_UNUSED_VARIABLE = YES;
				MACOSX_DEPLOYMENT_TARGET = 13.1;
				MTL_ENABLE_DEBUG_INFO = INCLUDE_SOURCE;
				MTL_FAST_MATH = YES;
				ONLY_ACTIVE_ARCH = YES;
				SDKROOT = macosx;
			};
			name = Debug;
		};
		18B501CD29EFE42800DC9BF6 /* Release */ = {
			isa = XCBuildConfiguration;
			buildSettings = {
				ALWAYS_SEARCH_USER_PATHS = NO;
				CLANG_ANALYZER_NONNULL = YES;
				CLANG_ANALYZER_NUMBER_OBJECT_CONVERSION = YES_AGGRESSIVE;
				CLANG_CXX_LANGUAGE_STANDARD = "gnu++20";
				CLANG_ENABLE_MODULES = YES;
				CLANG_ENABLE_OBJC_ARC = YES;
				CLANG_ENABLE_OBJC_WEAK = YES;
				CLANG_WARN_BLOCK_CAPTURE_AUTORELEASING = YES;
				CLANG_WARN_BOOL_CONVERSION = YES;
				CLANG_WARN_COMMA = YES;
				CLANG_WARN_CONSTANT_CONVERSION = YES;
				CLANG_WARN_DEPRECATED_OBJC_IMPLEMENTATIONS = YES;
				CLANG_WARN_DIRECT_OBJC_ISA_USAGE = YES_ERROR;
				CLANG_WARN_DOCUMENTATION_COMMENTS = YES;
				CLANG_WARN_EMPTY_BODY = YES;
				CLANG_WARN_ENUM_CONVERSION = YES;
				CLANG_WARN_INFINITE_RECURSION = YES;
				CLANG_WARN_INT_CONVERSION = YES;
				CLANG_WARN_NON_LITERAL_NULL_CONVERSION = YES;
				CLANG_WARN_OBJC_IMPLICIT_RETAIN_SELF = YES;
				CLANG_WARN_OBJC_LITERAL_CONVERSION = YES;
				CLANG_WARN_OBJC_ROOT_CLASS = YES_ERROR;
				CLANG_WARN_QUOTED_INCLUDE_IN_FRAMEWORK_HEADER = YES;
				CLANG_WARN_RANGE_LOOP_ANALYSIS = YES;
				CLANG_WARN_STRICT_PROTOTYPES = YES;
				CLANG_WARN_SUSPICIOUS_MOVE = YES;
				CLANG_WARN_UNGUARDED_AVAILABILITY = YES_AGGRESSIVE;
				CLANG_WARN_UNREACHABLE_CODE = YES;
				CLANG_WARN__DUPLICATE_METHOD_MATCH = YES;
				COPY_PHASE_STRIP = NO;
				DEBUG_INFORMATION_FORMAT = "dwarf-with-dsym";
				ENABLE_NS_ASSERTIONS = NO;
				ENABLE_STRICT_OBJC_MSGSEND = YES;
				GCC_C_LANGUAGE_STANDARD = gnu11;
				GCC_NO_COMMON_BLOCKS = YES;
				GCC_WARN_64_TO_32_BIT_CONVERSION = YES;
				GCC_WARN_ABOUT_RETURN_TYPE = YES_ERROR;
				GCC_WARN_UNDECLARED_SELECTOR = YES;
				GCC_WARN_UNINITIALIZED_AUTOS = YES_AGGRESSIVE;
				GCC_WARN_UNUSED_FUNCTION = YES;
				GCC_WARN_UNUSED_VARIABLE = YES;
				MACOSX_DEPLOYMENT_TARGET = 13.1;
				MTL_ENABLE_DEBUG_INFO = NO;
				MTL_FAST_MATH = YES;
				SDKROOT = macosx;
			};
			name = Release;
		};
		18B501CF29EFE42800DC9BF6 /* Debug */ = {
			isa = XCBuildConfiguration;
			buildSettings = {
				CODE_SIGN_STYLE = Automatic;
				PRODUCT_NAME = "$(TARGET_NAME)";
			};
			name = Debug;
		};
		18B501D029EFE42800DC9BF6 /* Release */ = {
			isa = XCBuildConfiguration;
			buildSettings = {
				CODE_SIGN_STYLE = Automatic;
				PRODUCT_NAME = "$(TARGET_NAME)";
			};
			name = Release;
		};
/* End XCBuildConfiguration section */

/* Begin XCConfigurationList section */
		18B501C229EFE42800DC9BF6 /* Build configuration list for PBXProject "CGproject" */ = {
			isa = XCConfigurationList;
			buildConfigurations = (
				18B501CC29EFE42800DC9BF6 /* Debug */,
				18B501CD29EFE42800DC9BF6 /* Release */,
			);
			defaultConfigurationIsVisible = 0;
			defaultConfigurationName = Release;
		};
		18B501CE29EFE42800DC9BF6 /* Build configuration list for PBXNativeTarget "CGproject" */ = {
			isa = XCConfigurationList;
			buildConfigurations = (
				18B501CF29EFE42800DC9BF6 /* Debug */,
				18B501D029EFE42800DC9BF6 /* Release */,
			);
			defaultConfigurationIsVisible = 0;
			defaultConfigurationName = Release;
		};
/* End XCConfigurationList section */
	};
	rootObject = 18B501BF29EFE42800DC9BF6 /* Project object */;
}
